// !$*UTF8*$!
{
	archiveVersion = 1;
	classes = {
	};
	objectVersion = 52;
	objects = {

/* Begin PBXBuildFile section */
		0539B56B26FB02FD00019315 /* SignUpViewController.swift in Sources */ = {isa = PBXBuildFile; fileRef = 0539B56A26FB02FD00019315 /* SignUpViewController.swift */; };
		0539B56E26FB0A2B00019315 /* FirebaseAuth in Frameworks */ = {isa = PBXBuildFile; productRef = 0539B56D26FB0A2B00019315 /* FirebaseAuth */; };
		055254FC26FB207700A67E86 /* LoginViewController.swift in Sources */ = {isa = PBXBuildFile; fileRef = 055254FB26FB207700A67E86 /* LoginViewController.swift */; };
		055E3A1E26F467AF00AEFBB7 /* 紅水烏龍.jpg in Resources */ = {isa = PBXBuildFile; fileRef = 055E3A1226F467AF00AEFBB7 /* 紅水烏龍.jpg */; };
		055E3A1F26F467AF00AEFBB7 /* 鐵觀音紅茶.jpg in Resources */ = {isa = PBXBuildFile; fileRef = 055E3A1326F467AF00AEFBB7 /* 鐵觀音紅茶.jpg */; };
		055E3A2026F467AF00AEFBB7 /* 青檸雷夢org.jpg in Resources */ = {isa = PBXBuildFile; fileRef = 055E3A1426F467AF00AEFBB7 /* 青檸雷夢org.jpg */; };
		055E3A2126F467AF00AEFBB7 /* 購物車.jpg in Resources */ = {isa = PBXBuildFile; fileRef = 055E3A1526F467AF00AEFBB7 /* 購物車.jpg */; };
		055E3A2226F467AF00AEFBB7 /* ８冰冷露.jpg in Resources */ = {isa = PBXBuildFile; fileRef = 055E3A1626F467AF00AEFBB7 /* ８冰冷露.jpg */; };
		055E3A2326F467AF00AEFBB7 /* 雨果紅茶.jpg in Resources */ = {isa = PBXBuildFile; fileRef = 055E3A1726F467AF00AEFBB7 /* 雨果紅茶.jpg */; };
		055E3A2426F467AF00AEFBB7 /* 熟成紅茶.jpg in Resources */ = {isa = PBXBuildFile; fileRef = 055E3A1826F467AF00AEFBB7 /* 熟成紅茶.jpg */; };
		055E3A2526F467AF00AEFBB7 /* 青檸雷夢.jpg in Resources */ = {isa = PBXBuildFile; fileRef = 055E3A1926F467AF00AEFBB7 /* 青檸雷夢.jpg */; };
		055E3A2626F467AF00AEFBB7 /* 熟成冷露.jpg in Resources */ = {isa = PBXBuildFile; fileRef = 055E3A1A26F467AF00AEFBB7 /* 熟成冷露.jpg */; };
		055E3A2726F467AF00AEFBB7 /* 鐵觀音.jpg in Resources */ = {isa = PBXBuildFile; fileRef = 055E3A1B26F467AF00AEFBB7 /* 鐵觀音.jpg */; };
		055E3A2826F467AF00AEFBB7 /* 雨果那堤珍珠.jpg in Resources */ = {isa = PBXBuildFile; fileRef = 055E3A1C26F467AF00AEFBB7 /* 雨果那堤珍珠.jpg */; };
		055E3A2926F467AF00AEFBB7 /* 布丁奶茶.jpg in Resources */ = {isa = PBXBuildFile; fileRef = 055E3A1D26F467AF00AEFBB7 /* 布丁奶茶.jpg */; };
		056764E1269408D700E001E2 /* OrderViewController.swift in Sources */ = {isa = PBXBuildFile; fileRef = 056764E0269408D700E001E2 /* OrderViewController.swift */; };
		056764E32694101E00E001E2 /* TeaData.swift in Sources */ = {isa = PBXBuildFile; fileRef = 056764E22694101E00E001E2 /* TeaData.swift */; };
		058850D52695690700365394 /* FinishTableViewController.swift in Sources */ = {isa = PBXBuildFile; fileRef = 058850D42695690700365394 /* FinishTableViewController.swift */; };
		0599482F2697380600DE5E50 /* GoogleService-Info.plist in Resources */ = {isa = PBXBuildFile; fileRef = 0599482E2697380600DE5E50 /* GoogleService-Info.plist */; };
		059948322697388300DE5E50 /* FirebaseFirestoreSwift-Beta in Frameworks */ = {isa = PBXBuildFile; productRef = 059948312697388300DE5E50 /* FirebaseFirestoreSwift-Beta */; };
		0599483426974A3200DE5E50 /* FireBase.swift in Sources */ = {isa = PBXBuildFile; fileRef = 0599483326974A3200DE5E50 /* FireBase.swift */; };
		05A609B9268877A2003DF773 /* AppDelegate.swift in Sources */ = {isa = PBXBuildFile; fileRef = 05A609B8268877A2003DF773 /* AppDelegate.swift */; };
		05A609BB268877A2003DF773 /* SceneDelegate.swift in Sources */ = {isa = PBXBuildFile; fileRef = 05A609BA268877A2003DF773 /* SceneDelegate.swift */; };
		05A609BD268877A2003DF773 /* MenuViewController.swift in Sources */ = {isa = PBXBuildFile; fileRef = 05A609BC268877A2003DF773 /* MenuViewController.swift */; };
		05A609C0268877A2003DF773 /* Main.storyboard in Resources */ = {isa = PBXBuildFile; fileRef = 05A609BE268877A2003DF773 /* Main.storyboard */; };
		05A609C2268877A3003DF773 /* Assets.xcassets in Resources */ = {isa = PBXBuildFile; fileRef = 05A609C1268877A3003DF773 /* Assets.xcassets */; };
		05A609C5268877A3003DF773 /* LaunchScreen.storyboard in Resources */ = {isa = PBXBuildFile; fileRef = 05A609C3268877A3003DF773 /* LaunchScreen.storyboard */; };
		05E00E7E268895AE008A4928 /* MyCell.swift in Sources */ = {isa = PBXBuildFile; fileRef = 05E00E7D268895AE008A4928 /* MyCell.swift */; };
		05E0BDCE26FDB56600758EEE /* SideMenu in Frameworks */ = {isa = PBXBuildFile; productRef = 05E0BDCD26FDB56600758EEE /* SideMenu */; };
		05E0BDD226FDB8DA00758EEE /* SideMenuViewController.swift in Sources */ = {isa = PBXBuildFile; fileRef = 05E0BDD126FDB8DA00758EEE /* SideMenuViewController.swift */; };
		05E0BDD426FDC46F00758EEE /* TestViewController.swift in Sources */ = {isa = PBXBuildFile; fileRef = 05E0BDD326FDC46F00758EEE /* TestViewController.swift */; };
		05E0BDD626FDD62200758EEE /* PersonalInfoTableViewController.swift in Sources */ = {isa = PBXBuildFile; fileRef = 05E0BDD526FDD62200758EEE /* PersonalInfoTableViewController.swift */; };
		05E0BDDD26FDDAD100758EEE /* PersonalInfoTableViewCell.swift in Sources */ = {isa = PBXBuildFile; fileRef = 05E0BDDC26FDDAD100758EEE /* PersonalInfoTableViewCell.swift */; };
		05E0BDDF26FE2FB600758EEE /* UserData.swift in Sources */ = {isa = PBXBuildFile; fileRef = 05E0BDDE26FE2FB600758EEE /* UserData.swift */; };
/* End PBXBuildFile section */

/* Begin PBXFileReference section */
		0539B56A26FB02FD00019315 /* SignUpViewController.swift */ = {isa = PBXFileReference; lastKnownFileType = sourcecode.swift; path = SignUpViewController.swift; sourceTree = "<group>"; };
		055254FB26FB207700A67E86 /* LoginViewController.swift */ = {isa = PBXFileReference; lastKnownFileType = sourcecode.swift; path = LoginViewController.swift; sourceTree = "<group>"; };
		055E3A1226F467AF00AEFBB7 /* 紅水烏龍.jpg */ = {isa = PBXFileReference; lastKnownFileType = image.jpeg; path = "紅水烏龍.jpg"; sourceTree = "<group>"; };
		055E3A1326F467AF00AEFBB7 /* 鐵觀音紅茶.jpg */ = {isa = PBXFileReference; lastKnownFileType = image.jpeg; path = "鐵觀音紅茶.jpg"; sourceTree = "<group>"; };
		055E3A1426F467AF00AEFBB7 /* 青檸雷夢org.jpg */ = {isa = PBXFileReference; lastKnownFileType = image.jpeg; path = "青檸雷夢org.jpg"; sourceTree = "<group>"; };
		055E3A1526F467AF00AEFBB7 /* 購物車.jpg */ = {isa = PBXFileReference; lastKnownFileType = image.jpeg; path = "購物車.jpg"; sourceTree = "<group>"; };
		055E3A1626F467AF00AEFBB7 /* ８冰冷露.jpg */ = {isa = PBXFileReference; lastKnownFileType = image.jpeg; path = "８冰冷露.jpg"; sourceTree = "<group>"; };
		055E3A1726F467AF00AEFBB7 /* 雨果紅茶.jpg */ = {isa = PBXFileReference; lastKnownFileType = image.jpeg; path = "雨果紅茶.jpg"; sourceTree = "<group>"; };
		055E3A1826F467AF00AEFBB7 /* 熟成紅茶.jpg */ = {isa = PBXFileReference; lastKnownFileType = image.jpeg; path = "熟成紅茶.jpg"; sourceTree = "<group>"; };
		055E3A1926F467AF00AEFBB7 /* 青檸雷夢.jpg */ = {isa = PBXFileReference; lastKnownFileType = image.jpeg; path = "青檸雷夢.jpg"; sourceTree = "<group>"; };
		055E3A1A26F467AF00AEFBB7 /* 熟成冷露.jpg */ = {isa = PBXFileReference; lastKnownFileType = image.jpeg; path = "熟成冷露.jpg"; sourceTree = "<group>"; };
		055E3A1B26F467AF00AEFBB7 /* 鐵觀音.jpg */ = {isa = PBXFileReference; lastKnownFileType = image.jpeg; path = "鐵觀音.jpg"; sourceTree = "<group>"; };
		055E3A1C26F467AF00AEFBB7 /* 雨果那堤珍珠.jpg */ = {isa = PBXFileReference; lastKnownFileType = image.jpeg; path = "雨果那堤珍珠.jpg"; sourceTree = "<group>"; };
		055E3A1D26F467AF00AEFBB7 /* 布丁奶茶.jpg */ = {isa = PBXFileReference; lastKnownFileType = image.jpeg; path = "布丁奶茶.jpg"; sourceTree = "<group>"; };
		056764E0269408D700E001E2 /* OrderViewController.swift */ = {isa = PBXFileReference; lastKnownFileType = sourcecode.swift; path = OrderViewController.swift; sourceTree = "<group>"; };
		056764E22694101E00E001E2 /* TeaData.swift */ = {isa = PBXFileReference; lastKnownFileType = sourcecode.swift; path = TeaData.swift; sourceTree = "<group>"; };
		058850D42695690700365394 /* FinishTableViewController.swift */ = {isa = PBXFileReference; lastKnownFileType = sourcecode.swift; path = FinishTableViewController.swift; sourceTree = "<group>"; };
		0599482E2697380600DE5E50 /* GoogleService-Info.plist */ = {isa = PBXFileReference; fileEncoding = 4; lastKnownFileType = text.plist.xml; path = "GoogleService-Info.plist"; sourceTree = "<group>"; };
		0599483326974A3200DE5E50 /* FireBase.swift */ = {isa = PBXFileReference; lastKnownFileType = sourcecode.swift; path = FireBase.swift; sourceTree = "<group>"; };
		05A609B5268877A2003DF773 /* ShoppingCart.app */ = {isa = PBXFileReference; explicitFileType = wrapper.application; includeInIndex = 0; path = ShoppingCart.app; sourceTree = BUILT_PRODUCTS_DIR; };
		05A609B8268877A2003DF773 /* AppDelegate.swift */ = {isa = PBXFileReference; lastKnownFileType = sourcecode.swift; path = AppDelegate.swift; sourceTree = "<group>"; };
		05A609BA268877A2003DF773 /* SceneDelegate.swift */ = {isa = PBXFileReference; lastKnownFileType = sourcecode.swift; path = SceneDelegate.swift; sourceTree = "<group>"; };
		05A609BC268877A2003DF773 /* MenuViewController.swift */ = {isa = PBXFileReference; lastKnownFileType = sourcecode.swift; path = MenuViewController.swift; sourceTree = "<group>"; };
		05A609BF268877A2003DF773 /* Base */ = {isa = PBXFileReference; lastKnownFileType = file.storyboard; name = Base; path = Base.lproj/Main.storyboard; sourceTree = "<group>"; };
		05A609C1268877A3003DF773 /* Assets.xcassets */ = {isa = PBXFileReference; lastKnownFileType = folder.assetcatalog; path = Assets.xcassets; sourceTree = "<group>"; };
		05A609C4268877A3003DF773 /* Base */ = {isa = PBXFileReference; lastKnownFileType = file.storyboard; name = Base; path = Base.lproj/LaunchScreen.storyboard; sourceTree = "<group>"; };
		05A609C6268877A3003DF773 /* Info.plist */ = {isa = PBXFileReference; lastKnownFileType = text.plist.xml; path = Info.plist; sourceTree = "<group>"; };
		05E00E7D268895AE008A4928 /* MyCell.swift */ = {isa = PBXFileReference; lastKnownFileType = sourcecode.swift; path = MyCell.swift; sourceTree = "<group>"; };
		05E0BDD126FDB8DA00758EEE /* SideMenuViewController.swift */ = {isa = PBXFileReference; lastKnownFileType = sourcecode.swift; path = SideMenuViewController.swift; sourceTree = "<group>"; };
		05E0BDD326FDC46F00758EEE /* TestViewController.swift */ = {isa = PBXFileReference; lastKnownFileType = sourcecode.swift; path = TestViewController.swift; sourceTree = "<group>"; };
		05E0BDD526FDD62200758EEE /* PersonalInfoTableViewController.swift */ = {isa = PBXFileReference; lastKnownFileType = sourcecode.swift; path = PersonalInfoTableViewController.swift; sourceTree = "<group>"; };
		05E0BDDC26FDDAD100758EEE /* PersonalInfoTableViewCell.swift */ = {isa = PBXFileReference; lastKnownFileType = sourcecode.swift; path = PersonalInfoTableViewCell.swift; sourceTree = "<group>"; };
		05E0BDDE26FE2FB600758EEE /* UserData.swift */ = {isa = PBXFileReference; lastKnownFileType = sourcecode.swift; path = UserData.swift; sourceTree = "<group>"; };
/* End PBXFileReference section */

/* Begin PBXFrameworksBuildPhase section */
		05A609B2268877A2003DF773 /* Frameworks */ = {
			isa = PBXFrameworksBuildPhase;
			buildActionMask = 2147483647;
			files = (
				059948322697388300DE5E50 /* FirebaseFirestoreSwift-Beta in Frameworks */,
				05E0BDCE26FDB56600758EEE /* SideMenu in Frameworks */,
				0539B56E26FB0A2B00019315 /* FirebaseAuth in Frameworks */,
			);
			runOnlyForDeploymentPostprocessing = 0;
		};
/* End PBXFrameworksBuildPhase section */

/* Begin PBXGroup section */
		0539B56926FB02D200019315 /* Controller */ = {
			isa = PBXGroup;
			children = (
				0539B56A26FB02FD00019315 /* SignUpViewController.swift */,
				05E0BDD526FDD62200758EEE /* PersonalInfoTableViewController.swift */,
				055254FB26FB207700A67E86 /* LoginViewController.swift */,
				05A609BC268877A2003DF773 /* MenuViewController.swift */,
				056764E0269408D700E001E2 /* OrderViewController.swift */,
				058850D42695690700365394 /* FinishTableViewController.swift */,
				05E0BDD126FDB8DA00758EEE /* SideMenuViewController.swift */,
			);
			path = Controller;
			sourceTree = "<group>";
		};
		0539B56C26FB0A2B00019315 /* Frameworks */ = {
			isa = PBXGroup;
			children = (
			);
			name = Frameworks;
			sourceTree = "<group>";
		};
		055E3A1126F467AF00AEFBB7 /* image */ = {
			isa = PBXGroup;
			children = (
				05E0BDDA26FDDAA000758EEE /* Cell */,
				05E0BDDB26FDDAA200758EEE /* Cell */,
				055E3A1226F467AF00AEFBB7 /* 紅水烏龍.jpg */,
				055E3A1326F467AF00AEFBB7 /* 鐵觀音紅茶.jpg */,
				055E3A1426F467AF00AEFBB7 /* 青檸雷夢org.jpg */,
				055E3A1526F467AF00AEFBB7 /* 購物車.jpg */,
				055E3A1626F467AF00AEFBB7 /* ８冰冷露.jpg */,
				055E3A1726F467AF00AEFBB7 /* 雨果紅茶.jpg */,
				055E3A1826F467AF00AEFBB7 /* 熟成紅茶.jpg */,
				055E3A1926F467AF00AEFBB7 /* 青檸雷夢.jpg */,
				055E3A1A26F467AF00AEFBB7 /* 熟成冷露.jpg */,
				055E3A1B26F467AF00AEFBB7 /* 鐵觀音.jpg */,
				055E3A1C26F467AF00AEFBB7 /* 雨果那堤珍珠.jpg */,
				055E3A1D26F467AF00AEFBB7 /* 布丁奶茶.jpg */,
			);
			name = image;
			path = ../../image;
			sourceTree = "<group>";
		};
		05A609AC268877A2003DF773 = {
			isa = PBXGroup;
			children = (
				05A609B7268877A2003DF773 /* ShoppingCart */,
				05A609B6268877A2003DF773 /* Products */,
				0539B56C26FB0A2B00019315 /* Frameworks */,
			);
			sourceTree = "<group>";
		};
		05A609B6268877A2003DF773 /* Products */ = {
			isa = PBXGroup;
			children = (
				05A609B5268877A2003DF773 /* ShoppingCart.app */,
			);
			name = Products;
			sourceTree = "<group>";
		};
		05A609B7268877A2003DF773 /* ShoppingCart */ = {
			isa = PBXGroup;
			children = (
				05E0BDD826FDD95400758EEE /* Model */,
				0539B56926FB02D200019315 /* Controller */,
				055E3A1126F467AF00AEFBB7 /* image */,
				05E0BDD926FDDA8300758EEE /* Cell */,
				05A609B8268877A2003DF773 /* AppDelegate.swift */,
				05A609BA268877A2003DF773 /* SceneDelegate.swift */,
				05E0BDD326FDC46F00758EEE /* TestViewController.swift */,
				05A609BE268877A2003DF773 /* Main.storyboard */,
				05A609C1268877A3003DF773 /* Assets.xcassets */,
				05A609C3268877A3003DF773 /* LaunchScreen.storyboard */,
				0599482E2697380600DE5E50 /* GoogleService-Info.plist */,
				05A609C6268877A3003DF773 /* Info.plist */,
			);
			path = ShoppingCart;
			sourceTree = "<group>";
		};
		05E0BDD826FDD95400758EEE /* Model */ = {
			isa = PBXGroup;
			children = (
				0599483326974A3200DE5E50 /* FireBase.swift */,
				056764E22694101E00E001E2 /* TeaData.swift */,
				05E0BDDE26FE2FB600758EEE /* UserData.swift */,
			);
			path = Model;
			sourceTree = "<group>";
		};
		05E0BDD926FDDA8300758EEE /* Cell */ = {
			isa = PBXGroup;
			children = (
				05E00E7D268895AE008A4928 /* MyCell.swift */,
				05E0BDDC26FDDAD100758EEE /* PersonalInfoTableViewCell.swift */,
			);
			path = Cell;
			sourceTree = "<group>";
		};
		05E0BDDA26FDDAA000758EEE /* Cell */ = {
			isa = PBXGroup;
			children = (
			);
			path = Cell;
			sourceTree = "<group>";
		};
		05E0BDDB26FDDAA200758EEE /* Cell */ = {
			isa = PBXGroup;
			children = (
			);
			path = Cell;
			sourceTree = "<group>";
		};
/* End PBXGroup section */

/* Begin PBXNativeTarget section */
		05A609B4268877A2003DF773 /* ShoppingCart */ = {
			isa = PBXNativeTarget;
			buildConfigurationList = 05A609C9268877A3003DF773 /* Build configuration list for PBXNativeTarget "ShoppingCart" */;
			buildPhases = (
				05A609B1268877A2003DF773 /* Sources */,
				05A609B2268877A2003DF773 /* Frameworks */,
				05A609B3268877A2003DF773 /* Resources */,
			);
			buildRules = (
			);
			dependencies = (
			);
			name = ShoppingCart;
			packageProductDependencies = (
				059948312697388300DE5E50 /* FirebaseFirestoreSwift-Beta */,
				0539B56D26FB0A2B00019315 /* FirebaseAuth */,
				05E0BDCD26FDB56600758EEE /* SideMenu */,
			);
			productName = ShoppingCart;
			productReference = 05A609B5268877A2003DF773 /* ShoppingCart.app */;
			productType = "com.apple.product-type.application";
		};
/* End PBXNativeTarget section */

/* Begin PBXProject section */
		05A609AD268877A2003DF773 /* Project object */ = {
			isa = PBXProject;
			attributes = {
				LastSwiftUpdateCheck = 1250;
				LastUpgradeCheck = 1250;
				TargetAttributes = {
					05A609B4268877A2003DF773 = {
						CreatedOnToolsVersion = 12.5;
					};
				};
			};
			buildConfigurationList = 05A609B0268877A2003DF773 /* Build configuration list for PBXProject "ShoppingCart" */;
			compatibilityVersion = "Xcode 9.3";
			developmentRegion = en;
			hasScannedForEncodings = 0;
			knownRegions = (
				en,
				Base,
			);
			mainGroup = 05A609AC268877A2003DF773;
			packageReferences = (
				059948302697388300DE5E50 /* XCRemoteSwiftPackageReference "firebase-ios-sdk" */,
				05E0BDCC26FDB56500758EEE /* XCRemoteSwiftPackageReference "SideMenu" */,
			);
			productRefGroup = 05A609B6268877A2003DF773 /* Products */;
			projectDirPath = "";
			projectRoot = "";
			targets = (
				05A609B4268877A2003DF773 /* ShoppingCart */,
			);
		};
/* End PBXProject section */

/* Begin PBXResourcesBuildPhase section */
		05A609B3268877A2003DF773 /* Resources */ = {
			isa = PBXResourcesBuildPhase;
			buildActionMask = 2147483647;
			files = (
				05A609C5268877A3003DF773 /* LaunchScreen.storyboard in Resources */,
				055E3A1F26F467AF00AEFBB7 /* 鐵觀音紅茶.jpg in Resources */,
				0599482F2697380600DE5E50 /* GoogleService-Info.plist in Resources */,
				055E3A2626F467AF00AEFBB7 /* 熟成冷露.jpg in Resources */,
				05A609C2268877A3003DF773 /* Assets.xcassets in Resources */,
				055E3A2226F467AF00AEFBB7 /* ８冰冷露.jpg in Resources */,
				055E3A2026F467AF00AEFBB7 /* 青檸雷夢org.jpg in Resources */,
				055E3A2926F467AF00AEFBB7 /* 布丁奶茶.jpg in Resources */,
				055E3A2126F467AF00AEFBB7 /* 購物車.jpg in Resources */,
				055E3A2726F467AF00AEFBB7 /* 鐵觀音.jpg in Resources */,
				055E3A2426F467AF00AEFBB7 /* 熟成紅茶.jpg in Resources */,
				05A609C0268877A2003DF773 /* Main.storyboard in Resources */,
				055E3A2326F467AF00AEFBB7 /* 雨果紅茶.jpg in Resources */,
				055E3A2526F467AF00AEFBB7 /* 青檸雷夢.jpg in Resources */,
				055E3A1E26F467AF00AEFBB7 /* 紅水烏龍.jpg in Resources */,
				055E3A2826F467AF00AEFBB7 /* 雨果那堤珍珠.jpg in Resources */,
			);
			runOnlyForDeploymentPostprocessing = 0;
		};
/* End PBXResourcesBuildPhase section */

/* Begin PBXSourcesBuildPhase section */
		05A609B1268877A2003DF773 /* Sources */ = {
			isa = PBXSourcesBuildPhase;
			buildActionMask = 2147483647;
			files = (
				05A609BD268877A2003DF773 /* MenuViewController.swift in Sources */,
				05E00E7E268895AE008A4928 /* MyCell.swift in Sources */,
				0599483426974A3200DE5E50 /* FireBase.swift in Sources */,
				05E0BDDD26FDDAD100758EEE /* PersonalInfoTableViewCell.swift in Sources */,
				05A609B9268877A2003DF773 /* AppDelegate.swift in Sources */,
				05E0BDD626FDD62200758EEE /* PersonalInfoTableViewController.swift in Sources */,
				05E0BDD226FDB8DA00758EEE /* SideMenuViewController.swift in Sources */,
				05A609BB268877A2003DF773 /* SceneDelegate.swift in Sources */,
				056764E1269408D700E001E2 /* OrderViewController.swift in Sources */,
				0539B56B26FB02FD00019315 /* SignUpViewController.swift in Sources */,
				056764E32694101E00E001E2 /* TeaData.swift in Sources */,
				055254FC26FB207700A67E86 /* LoginViewController.swift in Sources */,
				05E0BDD426FDC46F00758EEE /* TestViewController.swift in Sources */,
				058850D52695690700365394 /* FinishTableViewController.swift in Sources */,
				05E0BDDF26FE2FB600758EEE /* UserData.swift in Sources */,
			);
			runOnlyForDeploymentPostprocessing = 0;
		};
/* End PBXSourcesBuildPhase section */

/* Begin PBXVariantGroup section */
		05A609BE268877A2003DF773 /* Main.storyboard */ = {
			isa = PBXVariantGroup;
			children = (
				05A609BF268877A2003DF773 /* Base */,
			);
			name = Main.storyboard;
			sourceTree = "<group>";
		};
		05A609C3268877A3003DF773 /* LaunchScreen.storyboard */ = {
			isa = PBXVariantGroup;
			children = (
				05A609C4268877A3003DF773 /* Base */,
			);
			name = LaunchScreen.storyboard;
			sourceTree = "<group>";
		};
/* End PBXVariantGroup section */

/* Begin XCBuildConfiguration section */
		05A609C7268877A3003DF773 /* Debug */ = {
			isa = XCBuildConfiguration;
			buildSettings = {
				ALWAYS_SEARCH_USER_PATHS = NO;
				CLANG_ANALYZER_NONNULL = YES;
				CLANG_ANALYZER_NUMBER_OBJECT_CONVERSION = YES_AGGRESSIVE;
				CLANG_CXX_LANGUAGE_STANDARD = "gnu++14";
				CLANG_CXX_LIBRARY = "libc++";
				CLANG_ENABLE_MODULES = YES;
				CLANG_ENABLE_OBJC_ARC = YES;
				CLANG_ENABLE_OBJC_WEAK = YES;
				CLANG_WARN_BLOCK_CAPTURE_AUTORELEASING = YES;
				CLANG_WARN_BOOL_CONVERSION = YES;
				CLANG_WARN_COMMA = YES;
				CLANG_WARN_CONSTANT_CONVERSION = YES;
				CLANG_WARN_DEPRECATED_OBJC_IMPLEMENTATIONS = YES;
				CLANG_WARN_DIRECT_OBJC_ISA_USAGE = YES_ERROR;
				CLANG_WARN_DOCUMENTATION_COMMENTS = YES;
				CLANG_WARN_EMPTY_BODY = YES;
				CLANG_WARN_ENUM_CONVERSION = YES;
				CLANG_WARN_INFINITE_RECURSION = YES;
				CLANG_WARN_INT_CONVERSION = YES;
				CLANG_WARN_NON_LITERAL_NULL_CONVERSION = YES;
				CLANG_WARN_OBJC_IMPLICIT_RETAIN_SELF = YES;
				CLANG_WARN_OBJC_LITERAL_CONVERSION = YES;
				CLANG_WARN_OBJC_ROOT_CLASS = YES_ERROR;
				CLANG_WARN_QUOTED_INCLUDE_IN_FRAMEWORK_HEADER = YES;
				CLANG_WARN_RANGE_LOOP_ANALYSIS = YES;
				CLANG_WARN_STRICT_PROTOTYPES = YES;
				CLANG_WARN_SUSPICIOUS_MOVE = YES;
				CLANG_WARN_UNGUARDED_AVAILABILITY = YES_AGGRESSIVE;
				CLANG_WARN_UNREACHABLE_CODE = YES;
				CLANG_WARN__DUPLICATE_METHOD_MATCH = YES;
				COPY_PHASE_STRIP = NO;
				DEBUG_INFORMATION_FORMAT = dwarf;
				ENABLE_STRICT_OBJC_MSGSEND = YES;
				ENABLE_TESTABILITY = YES;
				GCC_C_LANGUAGE_STANDARD = gnu11;
				GCC_DYNAMIC_NO_PIC = NO;
				GCC_NO_COMMON_BLOCKS = YES;
				GCC_OPTIMIZATION_LEVEL = 0;
				GCC_PREPROCESSOR_DEFINITIONS = (
					"DEBUG=1",
					"$(inherited)",
				);
				GCC_WARN_64_TO_32_BIT_CONVERSION = YES;
				GCC_WARN_ABOUT_RETURN_TYPE = YES_ERROR;
				GCC_WARN_UNDECLARED_SELECTOR = YES;
				GCC_WARN_UNINITIALIZED_AUTOS = YES_AGGRESSIVE;
				GCC_WARN_UNUSED_FUNCTION = YES;
				GCC_WARN_UNUSED_VARIABLE = YES;
				IPHONEOS_DEPLOYMENT_TARGET = 14.1;
				MTL_ENABLE_DEBUG_INFO = INCLUDE_SOURCE;
				MTL_FAST_MATH = YES;
				ONLY_ACTIVE_ARCH = YES;
				SDKROOT = iphoneos;
				SWIFT_ACTIVE_COMPILATION_CONDITIONS = DEBUG;
				SWIFT_OPTIMIZATION_LEVEL = "-Onone";
			};
			name = Debug;
		};
		05A609C8268877A3003DF773 /* Release */ = {
			isa = XCBuildConfiguration;
			buildSettings = {
				ALWAYS_SEARCH_USER_PATHS = NO;
				CLANG_ANALYZER_NONNULL = YES;
				CLANG_ANALYZER_NUMBER_OBJECT_CONVERSION = YES_AGGRESSIVE;
				CLANG_CXX_LANGUAGE_STANDARD = "gnu++14";
				CLANG_CXX_LIBRARY = "libc++";
				CLANG_ENABLE_MODULES = YES;
				CLANG_ENABLE_OBJC_ARC = YES;
				CLANG_ENABLE_OBJC_WEAK = YES;
				CLANG_WARN_BLOCK_CAPTURE_AUTORELEASING = YES;
				CLANG_WARN_BOOL_CONVERSION = YES;
				CLANG_WARN_COMMA = YES;
				CLANG_WARN_CONSTANT_CONVERSION = YES;
				CLANG_WARN_DEPRECATED_OBJC_IMPLEMENTATIONS = YES;
				CLANG_WARN_DIRECT_OBJC_ISA_USAGE = YES_ERROR;
				CLANG_WARN_DOCUMENTATION_COMMENTS = YES;
				CLANG_WARN_EMPTY_BODY = YES;
				CLANG_WARN_ENUM_CONVERSION = YES;
				CLANG_WARN_INFINITE_RECURSION = YES;
				CLANG_WARN_INT_CONVERSION = YES;
				CLANG_WARN_NON_LITERAL_NULL_CONVERSION = YES;
				CLANG_WARN_OBJC_IMPLICIT_RETAIN_SELF = YES;
				CLANG_WARN_OBJC_LITERAL_CONVERSION = YES;
				CLANG_WARN_OBJC_ROOT_CLASS = YES_ERROR;
				CLANG_WARN_QUOTED_INCLUDE_IN_FRAMEWORK_HEADER = YES;
				CLANG_WARN_RANGE_LOOP_ANALYSIS = YES;
				CLANG_WARN_STRICT_PROTOTYPES = YES;
				CLANG_WARN_SUSPICIOUS_MOVE = YES;
				CLANG_WARN_UNGUARDED_AVAILABILITY = YES_AGGRESSIVE;
				CLANG_WARN_UNREACHABLE_CODE = YES;
				CLANG_WARN__DUPLICATE_METHOD_MATCH = YES;
				COPY_PHASE_STRIP = NO;
				DEBUG_INFORMATION_FORMAT = "dwarf-with-dsym";
				ENABLE_NS_ASSERTIONS = NO;
				ENABLE_STRICT_OBJC_MSGSEND = YES;
				GCC_C_LANGUAGE_STANDARD = gnu11;
				GCC_NO_COMMON_BLOCKS = YES;
				GCC_WARN_64_TO_32_BIT_CONVERSION = YES;
				GCC_WARN_ABOUT_RETURN_TYPE = YES_ERROR;
				GCC_WARN_UNDECLARED_SELECTOR = YES;
				GCC_WARN_UNINITIALIZED_AUTOS = YES_AGGRESSIVE;
				GCC_WARN_UNUSED_FUNCTION = YES;
				GCC_WARN_UNUSED_VARIABLE = YES;
				IPHONEOS_DEPLOYMENT_TARGET = 14.1;
				MTL_ENABLE_DEBUG_INFO = NO;
				MTL_FAST_MATH = YES;
				SDKROOT = iphoneos;
				SWIFT_COMPILATION_MODE = wholemodule;
				SWIFT_OPTIMIZATION_LEVEL = "-O";
				VALIDATE_PRODUCT = YES;
			};
			name = Release;
		};
		05A609CA268877A3003DF773 /* Debug */ = {
			isa = XCBuildConfiguration;
			buildSettings = {
				ASSETCATALOG_COMPILER_APPICON_NAME = AppIcon;
				ASSETCATALOG_COMPILER_GLOBAL_ACCENT_COLOR_NAME = AccentColor;
				CODE_SIGN_STYLE = Automatic;
				DEVELOPMENT_TEAM = CQ89Y6367G;
				INFOPLIST_FILE = ShoppingCart/Info.plist;
				LD_RUNPATH_SEARCH_PATHS = (
					"$(inherited)",
					"@executable_path/Frameworks",
				);
				PRODUCT_BUNDLE_IDENTIFIER = com.www.ShoppingCart;
				PRODUCT_NAME = "$(TARGET_NAME)";
				SWIFT_VERSION = 5.0;
				TARGETED_DEVICE_FAMILY = "1,2";
			};
			name = Debug;
		};
		05A609CB268877A3003DF773 /* Release */ = {
			isa = XCBuildConfiguration;
			buildSettings = {
				ASSETCATALOG_COMPILER_APPICON_NAME = AppIcon;
				ASSETCATALOG_COMPILER_GLOBAL_ACCENT_COLOR_NAME = AccentColor;
				CODE_SIGN_STYLE = Automatic;
				DEVELOPMENT_TEAM = CQ89Y6367G;
				INFOPLIST_FILE = ShoppingCart/Info.plist;
				LD_RUNPATH_SEARCH_PATHS = (
					"$(inherited)",
					"@executable_path/Frameworks",
				);
				PRODUCT_BUNDLE_IDENTIFIER = com.www.ShoppingCart;
				PRODUCT_NAME = "$(TARGET_NAME)";
				SWIFT_VERSION = 5.0;
				TARGETED_DEVICE_FAMILY = "1,2";
			};
			name = Release;
		};
/* End XCBuildConfiguration section */

/* Begin XCConfigurationList section */
		05A609B0268877A2003DF773 /* Build configuration list for PBXProject "ShoppingCart" */ = {
			isa = XCConfigurationList;
			buildConfigurations = (
				05A609C7268877A3003DF773 /* Debug */,
				05A609C8268877A3003DF773 /* Release */,
			);
			defaultConfigurationIsVisible = 0;
			defaultConfigurationName = Release;
		};
		05A609C9268877A3003DF773 /* Build configuration list for PBXNativeTarget "ShoppingCart" */ = {
			isa = XCConfigurationList;
			buildConfigurations = (
				05A609CA268877A3003DF773 /* Debug */,
				05A609CB268877A3003DF773 /* Release */,
			);
			defaultConfigurationIsVisible = 0;
			defaultConfigurationName = Release;
		};
/* End XCConfigurationList section */

/* Begin XCRemoteSwiftPackageReference section */
		059948302697388300DE5E50 /* XCRemoteSwiftPackageReference "firebase-ios-sdk" */ = {
			isa = XCRemoteSwiftPackageReference;
			repositoryURL = "https://github.com/firebase/firebase-ios-sdk";
			requirement = {
				kind = upToNextMajorVersion;
				minimumVersion = 8.2.0;
			};
		};
		05E0BDCC26FDB56500758EEE /* XCRemoteSwiftPackageReference "SideMenu" */ = {
			isa = XCRemoteSwiftPackageReference;
			repositoryURL = "https://github.com/jonkykong/SideMenu";
			requirement = {
				kind = upToNextMajorVersion;
				minimumVersion = 6.5.0;
			};
		};
/* End XCRemoteSwiftPackageReference section */

/* Begin XCSwiftPackageProductDependency section */
		0539B56D26FB0A2B00019315 /* FirebaseAuth */ = {
			isa = XCSwiftPackageProductDependency;
			package = 059948302697388300DE5E50 /* XCRemoteSwiftPackageReference "firebase-ios-sdk" */;
			productName = FirebaseAuth;
		};
		059948312697388300DE5E50 /* FirebaseFirestoreSwift-Beta */ = {
			isa = XCSwiftPackageProductDependency;
			package = 059948302697388300DE5E50 /* XCRemoteSwiftPackageReference "firebase-ios-sdk" */;
			productName = "FirebaseFirestoreSwift-Beta";
		};
		05E0BDCD26FDB56600758EEE /* SideMenu */ = {
			isa = XCSwiftPackageProductDependency;
			package = 05E0BDCC26FDB56500758EEE /* XCRemoteSwiftPackageReference "SideMenu" */;
			productName = SideMenu;
		};
/* End XCSwiftPackageProductDependency section */
	};
	rootObject = 05A609AD268877A2003DF773 /* Project object */;
}
